
Microsoft Visual Studio Solution File, Format Version 12.00
# Visual Studio Version 16
VisualStudioVersion = 16.0.31321.278
MinimumVisualStudioVersion = 10.0.40219.1
Project("{9A19103F-16F7-4668-BE54-9A1E7A4F7556}") = "WordleGuesser", "WordleGuesser\WordleGuesser.csproj", "{8CC0414B-7E96-47FB-88E2-71A76EB20E87}"
EndProject
Project("{9A19103F-16F7-4668-BE54-9A1E7A4F7556}") = "WordleGuesserBaseDataBuilder", "WordleGuesserBaseDataBuilder\WordleGuesserBaseDataBuilder.csproj", "{885FF958-CC76-406A-94F7-B0AE751AC049}"
EndProject
Project("{FAE04EC0-301F-11D3-BF4B-00C04F79EFBC}") = "WordleDataViewer", "WordleDataViewer\WordleDataViewer.csproj", "{D33B2BCF-484A-459E-AD18-44277AE4FE32}"
EndProject
Project("{2150E333-8FDC-42A3-9474-1A3956D46DE8}") = "data", "data", "{13CE1FEF-92AF-4B8A-8EFD-3079D81F2874}"
	ProjectSection(SolutionItems) = preProject
		data\AnswerWordList.txt = data\AnswerWordList.txt
		data\data.bytes = data\data.bytes
		data\WordList.txt = data\WordList.txt
	EndProjectSection
EndProject
Global
	GlobalSection(SolutionConfigurationPlatforms) = preSolution
		Debug|Any CPU = Debug|Any CPU
		Release|Any CPU = Release|Any CPU
	EndGlobalSection
	GlobalSection(ProjectConfigurationPlatforms) = postSolution
		{8CC0414B-7E96-47FB-88E2-71A76EB20E87}.Debug|Any CPU.ActiveCfg = Debug|Any CPU
		{8CC0414B-7E96-47FB-88E2-71A76EB20E87}.Debug|Any CPU.Build.0 = Debug|Any CPU
		{8CC0414B-7E96-47FB-88E2-71A76EB20E87}.Release|Any CPU.ActiveCfg = Release|Any CPU
		{8CC0414B-7E96-47FB-88E2-71A76EB20E87}.Release|Any CPU.Build.0 = Release|Any CPU
		{885FF958-CC76-406A-94F7-B0AE751AC049}.Debug|Any CPU.ActiveCfg = Debug|Any CPU
		{885FF958-CC76-406A-94F7-B0AE751AC049}.Debug|Any CPU.Build.0 = Debug|Any CPU
		{885FF958-CC76-406A-94F7-B0AE751AC049}.Release|Any CPU.ActiveCfg = Release|Any CPU
		{885FF958-CC76-406A-94F7-B0AE751AC049}.Release|Any CPU.Build.0 = Release|Any CPU
		{D33B2BCF-484A-459E-AD18-44277AE4FE32}.Debug|Any CPU.ActiveCfg = Debug|Any CPU
		{D33B2BCF-484A-459E-AD18-44277AE4FE32}.Debug|Any CPU.Build.0 = Debug|Any CPU
		{D33B2BCF-484A-459E-AD18-44277AE4FE32}.Release|Any CPU.ActiveCfg = Release|Any CPU
		{D33B2BCF-484A-459E-AD18-44277AE4FE32}.Release|Any CPU.Build.0 = Release|Any CPU
	EndGlobalSection
	GlobalSection(SolutionProperties) = preSolution
		HideSolutionNode = FALSE
	EndGlobalSection
	GlobalSection(ExtensibilityGlobals) = postSolution
		SolutionGuid = {5F198872-A738-4B44-8474-E5C879C84CD9}
	EndGlobalSection
EndGlobal
